# This file is autogenerated, do not edit; changes may be undone by the next 'dep ensure'.


[[projects]]
  branch = "master"
  name = "github.com/gewenyu99/hardware-coverity"
  packages = ["json_requests"]
  revision = "0ba5104bd3b31f6255f20b2fbab8a4f960b9be4b"

[[projects]]
  branch = "master"
  name = "github.com/mailru/easyjson"
  packages = [".","buffer","jlexer","jwriter"]
  revision = "60711f1a8329503b04e1c88535f419d0bb440bff"

[[projects]]
  name = "github.com/olivere/elastic"
  packages = [".","config","uritemplates"]
  revision = "0f13c62d4153081f2be7d0e136353b57dd3f1619"
  version = "v6.2.13"

[[projects]]
  name = "github.com/pkg/errors"
  packages = ["."]
  revision = "645ef00459ed84a119197bfb8d8205042c6df63d"
  version = "v0.8.0"

[solve-meta]
  analyzer-name = "dep"
  analyzer-version = 1
  inputs-digest = "063185bacfbceef44876542d31a4fa1372fcdb4c7d366571340bb388f4c86520"
  solver-name = "gps-cdcl"
  solver-version = 1
